// !$*UTF8*$!
{
	archiveVersion = 1;
	classes = {
	};
	objectVersion = 56;
	objects = {

/* Begin PBXBuildFile section */
		385BFB4B2D416229002E0227 /* StatusCollectionViewCell.swift in Sources */ = {isa = PBXBuildFile; fileRef = 385BFB4A2D416229002E0227 /* StatusCollectionViewCell.swift */; };
		385BFB4D2D4299BB002E0227 /* HabitCollectionViewCell.swift in Sources */ = {isa = PBXBuildFile; fileRef = 385BFB4C2D4299BB002E0227 /* HabitCollectionViewCell.swift */; };
		38704F7F2D2D630D0016D379 /* Localizable.xcstrings in Resources */ = {isa = PBXBuildFile; fileRef = 38704F7E2D2D630D0016D379 /* Localizable.xcstrings */; };
		38704F812D2D79200016D379 /* InfoView.swift in Sources */ = {isa = PBXBuildFile; fileRef = 38704F802D2D79200016D379 /* InfoView.swift */; };
		38704F842D355FED0016D379 /* HabitsView.swift in Sources */ = {isa = PBXBuildFile; fileRef = 38704F832D355FED0016D379 /* HabitsView.swift */; };
		38704F862D3576E70016D379 /* HabitViewController.swift in Sources */ = {isa = PBXBuildFile; fileRef = 38704F852D3576E70016D379 /* HabitViewController.swift */; };
		38704F882D358EE60016D379 /* HabitView.swift in Sources */ = {isa = PBXBuildFile; fileRef = 38704F872D358EE60016D379 /* HabitView.swift */; };
		38D668D92D02072100DBF2B5 /* AppDelegate.swift in Sources */ = {isa = PBXBuildFile; fileRef = 38D668D82D02072100DBF2B5 /* AppDelegate.swift */; };
		38D668DB2D02072100DBF2B5 /* SceneDelegate.swift in Sources */ = {isa = PBXBuildFile; fileRef = 38D668DA2D02072100DBF2B5 /* SceneDelegate.swift */; };
		38D668E22D02072700DBF2B5 /* Assets.xcassets in Resources */ = {isa = PBXBuildFile; fileRef = 38D668E12D02072700DBF2B5 /* Assets.xcassets */; };
		38D668E52D02072700DBF2B5 /* LaunchScreen.storyboard in Resources */ = {isa = PBXBuildFile; fileRef = 38D668E32D02072700DBF2B5 /* LaunchScreen.storyboard */; };
		38D668ED2D02097100DBF2B5 /* HabbitsStore.swift in Sources */ = {isa = PBXBuildFile; fileRef = 38D668EC2D02097100DBF2B5 /* HabbitsStore.swift */; };
		38D668EF2D020F3900DBF2B5 /* HabitsViewController.swift in Sources */ = {isa = PBXBuildFile; fileRef = 38D668EE2D020F3900DBF2B5 /* HabitsViewController.swift */; };
		38D668F12D020F6200DBF2B5 /* InfoViewController.swift in Sources */ = {isa = PBXBuildFile; fileRef = 38D668F02D020F6200DBF2B5 /* InfoViewController.swift */; };
		38D668F42D035D5000DBF2B5 /* TabController.swift in Sources */ = {isa = PBXBuildFile; fileRef = 38D668F32D035D4F00DBF2B5 /* TabController.swift */; };
/* End PBXBuildFile section */

/* Begin PBXFileReference section */
		385BFB4A2D416229002E0227 /* StatusCollectionViewCell.swift */ = {isa = PBXFileReference; lastKnownFileType = sourcecode.swift; path = StatusCollectionViewCell.swift; sourceTree = "<group>"; };
		385BFB4C2D4299BB002E0227 /* HabitCollectionViewCell.swift */ = {isa = PBXFileReference; lastKnownFileType = sourcecode.swift; path = HabitCollectionViewCell.swift; sourceTree = "<group>"; };
		38704F7E2D2D630D0016D379 /* Localizable.xcstrings */ = {isa = PBXFileReference; lastKnownFileType = text.json.xcstrings; path = Localizable.xcstrings; sourceTree = "<group>"; };
		38704F802D2D79200016D379 /* InfoView.swift */ = {isa = PBXFileReference; lastKnownFileType = sourcecode.swift; path = InfoView.swift; sourceTree = "<group>"; };
		38704F832D355FED0016D379 /* HabitsView.swift */ = {isa = PBXFileReference; lastKnownFileType = sourcecode.swift; path = HabitsView.swift; sourceTree = "<group>"; };
		38704F852D3576E70016D379 /* HabitViewController.swift */ = {isa = PBXFileReference; lastKnownFileType = sourcecode.swift; path = HabitViewController.swift; sourceTree = "<group>"; };
		38704F872D358EE60016D379 /* HabitView.swift */ = {isa = PBXFileReference; lastKnownFileType = sourcecode.swift; path = HabitView.swift; sourceTree = "<group>"; };
		38D668D52D02072100DBF2B5 /* MyHabits.app */ = {isa = PBXFileReference; explicitFileType = wrapper.application; includeInIndex = 0; path = MyHabits.app; sourceTree = BUILT_PRODUCTS_DIR; };
		38D668D82D02072100DBF2B5 /* AppDelegate.swift */ = {isa = PBXFileReference; lastKnownFileType = sourcecode.swift; path = AppDelegate.swift; sourceTree = "<group>"; };
		38D668DA2D02072100DBF2B5 /* SceneDelegate.swift */ = {isa = PBXFileReference; lastKnownFileType = sourcecode.swift; path = SceneDelegate.swift; sourceTree = "<group>"; };
		38D668E12D02072700DBF2B5 /* Assets.xcassets */ = {isa = PBXFileReference; lastKnownFileType = folder.assetcatalog; path = Assets.xcassets; sourceTree = "<group>"; };
		38D668E42D02072700DBF2B5 /* Base */ = {isa = PBXFileReference; lastKnownFileType = file.storyboard; name = Base; path = Base.lproj/LaunchScreen.storyboard; sourceTree = "<group>"; };
		38D668E62D02072700DBF2B5 /* Info.plist */ = {isa = PBXFileReference; lastKnownFileType = text.plist.xml; path = Info.plist; sourceTree = "<group>"; };
		38D668EC2D02097100DBF2B5 /* HabbitsStore.swift */ = {isa = PBXFileReference; lastKnownFileType = sourcecode.swift; path = HabbitsStore.swift; sourceTree = "<group>"; };
		38D668EE2D020F3900DBF2B5 /* HabitsViewController.swift */ = {isa = PBXFileReference; lastKnownFileType = sourcecode.swift; path = HabitsViewController.swift; sourceTree = "<group>"; };
		38D668F02D020F6200DBF2B5 /* InfoViewController.swift */ = {isa = PBXFileReference; lastKnownFileType = sourcecode.swift; path = InfoViewController.swift; sourceTree = "<group>"; };
		38D668F32D035D4F00DBF2B5 /* TabController.swift */ = {isa = PBXFileReference; lastKnownFileType = sourcecode.swift; path = TabController.swift; sourceTree = "<group>"; };
/* End PBXFileReference section */

/* Begin PBXFrameworksBuildPhase section */
		38D668D22D02072100DBF2B5 /* Frameworks */ = {
			isa = PBXFrameworksBuildPhase;
			buildActionMask = 2147483647;
			files = (
			);
			runOnlyForDeploymentPostprocessing = 0;
		};
/* End PBXFrameworksBuildPhase section */

/* Begin PBXGroup section */
		38704F822D2D79310016D379 /* views */ = {
			isa = PBXGroup;
			children = (
				38704F802D2D79200016D379 /* InfoView.swift */,
				38704F832D355FED0016D379 /* HabitsView.swift */,
				38704F872D358EE60016D379 /* HabitView.swift */,
				385BFB4A2D416229002E0227 /* StatusCollectionViewCell.swift */,
				385BFB4C2D4299BB002E0227 /* HabitCollectionViewCell.swift */,
			);
			path = views;
			sourceTree = "<group>";
		};
		38D668CC2D02072100DBF2B5 = {
			isa = PBXGroup;
			children = (
				38D668D72D02072100DBF2B5 /* MyHabits */,
				38D668D62D02072100DBF2B5 /* Products */,
			);
			sourceTree = "<group>";
		};
		38D668D62D02072100DBF2B5 /* Products */ = {
			isa = PBXGroup;
			children = (
				38D668D52D02072100DBF2B5 /* MyHabits.app */,
			);
			name = Products;
			sourceTree = "<group>";
		};
		38D668D72D02072100DBF2B5 /* MyHabits */ = {
			isa = PBXGroup;
			children = (
				38704F822D2D79310016D379 /* views */,
				38D668F22D020F6D00DBF2B5 /* controllers */,
				38D668D82D02072100DBF2B5 /* AppDelegate.swift */,
				38D668DA2D02072100DBF2B5 /* SceneDelegate.swift */,
				38D668E12D02072700DBF2B5 /* Assets.xcassets */,
				38D668E32D02072700DBF2B5 /* LaunchScreen.storyboard */,
				38D668E62D02072700DBF2B5 /* Info.plist */,
				38D668EC2D02097100DBF2B5 /* HabbitsStore.swift */,
				38D668F32D035D4F00DBF2B5 /* TabController.swift */,
				38704F7E2D2D630D0016D379 /* Localizable.xcstrings */,
			);
			path = MyHabits;
			sourceTree = "<group>";
		};
		38D668F22D020F6D00DBF2B5 /* controllers */ = {
			isa = PBXGroup;
			children = (
				38D668EE2D020F3900DBF2B5 /* HabitsViewController.swift */,
				38D668F02D020F6200DBF2B5 /* InfoViewController.swift */,
				38704F852D3576E70016D379 /* HabitViewController.swift */,
			);
			path = controllers;
			sourceTree = "<group>";
		};
/* End PBXGroup section */

/* Begin PBXNativeTarget section */
		38D668D42D02072100DBF2B5 /* MyHabits */ = {
			isa = PBXNativeTarget;
			buildConfigurationList = 38D668E92D02072700DBF2B5 /* Build configuration list for PBXNativeTarget "MyHabits" */;
			buildPhases = (
				38D668D12D02072100DBF2B5 /* Sources */,
				38D668D22D02072100DBF2B5 /* Frameworks */,
				38D668D32D02072100DBF2B5 /* Resources */,
			);
			buildRules = (
			);
			dependencies = (
			);
			name = MyHabits;
			productName = MyHabits;
			productReference = 38D668D52D02072100DBF2B5 /* MyHabits.app */;
			productType = "com.apple.product-type.application";
		};
/* End PBXNativeTarget section */

/* Begin PBXProject section */
		38D668CD2D02072100DBF2B5 /* Project object */ = {
			isa = PBXProject;
			attributes = {
				BuildIndependentTargetsInParallel = 1;
				LastSwiftUpdateCheck = 1520;
				LastUpgradeCheck = 1520;
				TargetAttributes = {
					38D668D42D02072100DBF2B5 = {
						CreatedOnToolsVersion = 15.2;
					};
				};
			};
			buildConfigurationList = 38D668D02D02072100DBF2B5 /* Build configuration list for PBXProject "MyHabits" */;
			compatibilityVersion = "Xcode 14.0";
			developmentRegion = en;
			hasScannedForEncodings = 0;
			knownRegions = (
				en,
				Base,
				ru,
			);
			mainGroup = 38D668CC2D02072100DBF2B5;
			productRefGroup = 38D668D62D02072100DBF2B5 /* Products */;
			projectDirPath = "";
			projectRoot = "";
			targets = (
				38D668D42D02072100DBF2B5 /* MyHabits */,
			);
		};
/* End PBXProject section */

/* Begin PBXResourcesBuildPhase section */
		38D668D32D02072100DBF2B5 /* Resources */ = {
			isa = PBXResourcesBuildPhase;
			buildActionMask = 2147483647;
			files = (
				38D668E52D02072700DBF2B5 /* LaunchScreen.storyboard in Resources */,
				38D668E22D02072700DBF2B5 /* Assets.xcassets in Resources */,
				38704F7F2D2D630D0016D379 /* Localizable.xcstrings in Resources */,
			);
			runOnlyForDeploymentPostprocessing = 0;
		};
/* End PBXResourcesBuildPhase section */

/* Begin PBXSourcesBuildPhase section */
		38D668D12D02072100DBF2B5 /* Sources */ = {
			isa = PBXSourcesBuildPhase;
			buildActionMask = 2147483647;
			files = (
				38D668F42D035D5000DBF2B5 /* TabController.swift in Sources */,
				38704F842D355FED0016D379 /* HabitsView.swift in Sources */,
				38D668D92D02072100DBF2B5 /* AppDelegate.swift in Sources */,
				38D668DB2D02072100DBF2B5 /* SceneDelegate.swift in Sources */,
				38D668EF2D020F3900DBF2B5 /* HabitsViewController.swift in Sources */,
				38D668F12D020F6200DBF2B5 /* InfoViewController.swift in Sources */,
				38D668ED2D02097100DBF2B5 /* HabbitsStore.swift in Sources */,
				38704F862D3576E70016D379 /* HabitViewController.swift in Sources */,
				38704F812D2D79200016D379 /* InfoView.swift in Sources */,
				38704F882D358EE60016D379 /* HabitView.swift in Sources */,
				385BFB4B2D416229002E0227 /* StatusCollectionViewCell.swift in Sources */,
				385BFB4D2D4299BB002E0227 /* HabitCollectionViewCell.swift in Sources */,
			);
			runOnlyForDeploymentPostprocessing = 0;
		};
/* End PBXSourcesBuildPhase section */

/* Begin PBXVariantGroup section */
		38D668E32D02072700DBF2B5 /* LaunchScreen.storyboard */ = {
			isa = PBXVariantGroup;
			children = (
				38D668E42D02072700DBF2B5 /* Base */,
			);
			name = LaunchScreen.storyboard;
			sourceTree = "<group>";
		};
/* End PBXVariantGroup section */

/* Begin XCBuildConfiguration section */
		38D668E72D02072700DBF2B5 /* Debug */ = {
			isa = XCBuildConfiguration;
			buildSettings = {
				ALWAYS_SEARCH_USER_PATHS = NO;
				ASSETCATALOG_COMPILER_GENERATE_SWIFT_ASSET_SYMBOL_EXTENSIONS = YES;
				CLANG_ANALYZER_NONNULL = YES;
				CLANG_ANALYZER_NUMBER_OBJECT_CONVERSION = YES_AGGRESSIVE;
				CLANG_CXX_LANGUAGE_STANDARD = "gnu++20";
				CLANG_ENABLE_MODULES = YES;
				CLANG_ENABLE_OBJC_ARC = YES;
				CLANG_ENABLE_OBJC_WEAK = YES;
				CLANG_WARN_BLOCK_CAPTURE_AUTORELEASING = YES;
				CLANG_WARN_BOOL_CONVERSION = YES;
				CLANG_WARN_COMMA = YES;
				CLANG_WARN_CONSTANT_CONVERSION = YES;
				CLANG_WARN_DEPRECATED_OBJC_IMPLEMENTATIONS = YES;
				CLANG_WARN_DIRECT_OBJC_ISA_USAGE = YES_ERROR;
				CLANG_WARN_DOCUMENTATION_COMMENTS = YES;
				CLANG_WARN_EMPTY_BODY = YES;
				CLANG_WARN_ENUM_CONVERSION = YES;
				CLANG_WARN_INFINITE_RECURSION = YES;
				CLANG_WARN_INT_CONVERSION = YES;
				CLANG_WARN_NON_LITERAL_NULL_CONVERSION = YES;
				CLANG_WARN_OBJC_IMPLICIT_RETAIN_SELF = YES;
				CLANG_WARN_OBJC_LITERAL_CONVERSION = YES;
				CLANG_WARN_OBJC_ROOT_CLASS = YES_ERROR;
				CLANG_WARN_QUOTED_INCLUDE_IN_FRAMEWORK_HEADER = YES;
				CLANG_WARN_RANGE_LOOP_ANALYSIS = YES;
				CLANG_WARN_STRICT_PROTOTYPES = YES;
				CLANG_WARN_SUSPICIOUS_MOVE = YES;
				CLANG_WARN_UNGUARDED_AVAILABILITY = YES_AGGRESSIVE;
				CLANG_WARN_UNREACHABLE_CODE = YES;
				CLANG_WARN__DUPLICATE_METHOD_MATCH = YES;
				COPY_PHASE_STRIP = NO;
				DEBUG_INFORMATION_FORMAT = dwarf;
				ENABLE_STRICT_OBJC_MSGSEND = YES;
				ENABLE_TESTABILITY = YES;
				ENABLE_USER_SCRIPT_SANDBOXING = YES;
				GCC_C_LANGUAGE_STANDARD = gnu17;
				GCC_DYNAMIC_NO_PIC = NO;
				GCC_NO_COMMON_BLOCKS = YES;
				GCC_OPTIMIZATION_LEVEL = 0;
				GCC_PREPROCESSOR_DEFINITIONS = (
					"DEBUG=1",
					"$(inherited)",
				);
				GCC_WARN_64_TO_32_BIT_CONVERSION = YES;
				GCC_WARN_ABOUT_RETURN_TYPE = YES_ERROR;
				GCC_WARN_UNDECLARED_SELECTOR = YES;
				GCC_WARN_UNINITIALIZED_AUTOS = YES_AGGRESSIVE;
				GCC_WARN_UNUSED_FUNCTION = YES;
				GCC_WARN_UNUSED_VARIABLE = YES;
				IPHONEOS_DEPLOYMENT_TARGET = 17.2;
				LOCALIZATION_PREFERS_STRING_CATALOGS = YES;
				MTL_ENABLE_DEBUG_INFO = INCLUDE_SOURCE;
				MTL_FAST_MATH = YES;
				ONLY_ACTIVE_ARCH = YES;
				SDKROOT = iphoneos;
				SWIFT_ACTIVE_COMPILATION_CONDITIONS = "DEBUG $(inherited)";
				SWIFT_OPTIMIZATION_LEVEL = "-Onone";
			};
			name = Debug;
		};
		38D668E82D02072700DBF2B5 /* Release */ = {
			isa = XCBuildConfiguration;
			buildSettings = {
				ALWAYS_SEARCH_USER_PATHS = NO;
				ASSETCATALOG_COMPILER_GENERATE_SWIFT_ASSET_SYMBOL_EXTENSIONS = YES;
				CLANG_ANALYZER_NONNULL = YES;
				CLANG_ANALYZER_NUMBER_OBJECT_CONVERSION = YES_AGGRESSIVE;
				CLANG_CXX_LANGUAGE_STANDARD = "gnu++20";
				CLANG_ENABLE_MODULES = YES;
				CLANG_ENABLE_OBJC_ARC = YES;
				CLANG_ENABLE_OBJC_WEAK = YES;
				CLANG_WARN_BLOCK_CAPTURE_AUTORELEASING = YES;
				CLANG_WARN_BOOL_CONVERSION = YES;
				CLANG_WARN_COMMA = YES;
				CLANG_WARN_CONSTANT_CONVERSION = YES;
				CLANG_WARN_DEPRECATED_OBJC_IMPLEMENTATIONS = YES;
				CLANG_WARN_DIRECT_OBJC_ISA_USAGE = YES_ERROR;
				CLANG_WARN_DOCUMENTATION_COMMENTS = YES;
				CLANG_WARN_EMPTY_BODY = YES;
				CLANG_WARN_ENUM_CONVERSION = YES;
				CLANG_WARN_INFINITE_RECURSION = YES;
				CLANG_WARN_INT_CONVERSION = YES;
				CLANG_WARN_NON_LITERAL_NULL_CONVERSION = YES;
				CLANG_WARN_OBJC_IMPLICIT_RETAIN_SELF = YES;
				CLANG_WARN_OBJC_LITERAL_CONVERSION = YES;
				CLANG_WARN_OBJC_ROOT_CLASS = YES_ERROR;
				CLANG_WARN_QUOTED_INCLUDE_IN_FRAMEWORK_HEADER = YES;
				CLANG_WARN_RANGE_LOOP_ANALYSIS = YES;
				CLANG_WARN_STRICT_PROTOTYPES = YES;
				CLANG_WARN_SUSPICIOUS_MOVE = YES;
				CLANG_WARN_UNGUARDED_AVAILABILITY = YES_AGGRESSIVE;
				CLANG_WARN_UNREACHABLE_CODE = YES;
				CLANG_WARN__DUPLICATE_METHOD_MATCH = YES;
				COPY_PHASE_STRIP = NO;
				DEBUG_INFORMATION_FORMAT = "dwarf-with-dsym";
				ENABLE_NS_ASSERTIONS = NO;
				ENABLE_STRICT_OBJC_MSGSEND = YES;
				ENABLE_USER_SCRIPT_SANDBOXING = YES;
				GCC_C_LANGUAGE_STANDARD = gnu17;
				GCC_NO_COMMON_BLOCKS = YES;
				GCC_WARN_64_TO_32_BIT_CONVERSION = YES;
				GCC_WARN_ABOUT_RETURN_TYPE = YES_ERROR;
				GCC_WARN_UNDECLARED_SELECTOR = YES;
				GCC_WARN_UNINITIALIZED_AUTOS = YES_AGGRESSIVE;
				GCC_WARN_UNUSED_FUNCTION = YES;
				GCC_WARN_UNUSED_VARIABLE = YES;
				IPHONEOS_DEPLOYMENT_TARGET = 17.2;
				LOCALIZATION_PREFERS_STRING_CATALOGS = YES;
				MTL_ENABLE_DEBUG_INFO = NO;
				MTL_FAST_MATH = YES;
				SDKROOT = iphoneos;
				SWIFT_COMPILATION_MODE = wholemodule;
				VALIDATE_PRODUCT = YES;
			};
			name = Release;
		};
		38D668EA2D02072700DBF2B5 /* Debug */ = {
			isa = XCBuildConfiguration;
			buildSettings = {
				ASSETCATALOG_COMPILER_APPICON_NAME = AppIcon;
				ASSETCATALOG_COMPILER_GLOBAL_ACCENT_COLOR_NAME = AccentColor;
				CODE_SIGN_STYLE = Automatic;
				CURRENT_PROJECT_VERSION = 1;
				DEVELOPMENT_TEAM = G64Z48W7X2;
				GENERATE_INFOPLIST_FILE = YES;
				INFOPLIST_FILE = MyHabits/Info.plist;
				INFOPLIST_KEY_UIApplicationSupportsIndirectInputEvents = YES;
				INFOPLIST_KEY_UILaunchStoryboardName = LaunchScreen;
				INFOPLIST_KEY_UISupportedInterfaceOrientations_iPad = "UIInterfaceOrientationPortrait UIInterfaceOrientationPortraitUpsideDown UIInterfaceOrientationLandscapeLeft UIInterfaceOrientationLandscapeRight";
				INFOPLIST_KEY_UISupportedInterfaceOrientations_iPhone = "UIInterfaceOrientationPortrait UIInterfaceOrientationLandscapeLeft UIInterfaceOrientationLandscapeRight";
				LD_RUNPATH_SEARCH_PATHS = (
					"$(inherited)",
					"@executable_path/Frameworks",
				);
				MARKETING_VERSION = 1.0;
				PRODUCT_BUNDLE_IDENTIFIER = com.leriia.MyHabits;
				PRODUCT_NAME = "$(TARGET_NAME)";
				SWIFT_EMIT_LOC_STRINGS = YES;
				SWIFT_VERSION = 5.0;
				TARGETED_DEVICE_FAMILY = "1,2";
			};
			name = Debug;
		};
		38D668EB2D02072700DBF2B5 /* Release */ = {
			isa = XCBuildConfiguration;
			buildSettings = {
				ASSETCATALOG_COMPILER_APPICON_NAME = AppIcon;
				ASSETCATALOG_COMPILER_GLOBAL_ACCENT_COLOR_NAME = AccentColor;
				CODE_SIGN_STYLE = Automatic;
				CURRENT_PROJECT_VERSION = 1;
				DEVELOPMENT_TEAM = G64Z48W7X2;
				GENERATE_INFOPLIST_FILE = YES;
				INFOPLIST_FILE = MyHabits/Info.plist;
				INFOPLIST_KEY_UIApplicationSupportsIndirectInputEvents = YES;
				INFOPLIST_KEY_UILaunchStoryboardName = LaunchScreen;
				INFOPLIST_KEY_UISupportedInterfaceOrientations_iPad = "UIInterfaceOrientationPortrait UIInterfaceOrientationPortraitUpsideDown UIInterfaceOrientationLandscapeLeft UIInterfaceOrientationLandscapeRight";
				INFOPLIST_KEY_UISupportedInterfaceOrientations_iPhone = "UIInterfaceOrientationPortrait UIInterfaceOrientationLandscapeLeft UIInterfaceOrientationLandscapeRight";
				LD_RUNPATH_SEARCH_PATHS = (
					"$(inherited)",
					"@executable_path/Frameworks",
				);
				MARKETING_VERSION = 1.0;
				PRODUCT_BUNDLE_IDENTIFIER = com.leriia.MyHabits;
				PRODUCT_NAME = "$(TARGET_NAME)";
				SWIFT_EMIT_LOC_STRINGS = YES;
				SWIFT_VERSION = 5.0;
				TARGETED_DEVICE_FAMILY = "1,2";
			};
			name = Release;
		};
/* End XCBuildConfiguration section */

/* Begin XCConfigurationList section */
		38D668D02D02072100DBF2B5 /* Build configuration list for PBXProject "MyHabits" */ = {
			isa = XCConfigurationList;
			buildConfigurations = (
				38D668E72D02072700DBF2B5 /* Debug */,
				38D668E82D02072700DBF2B5 /* Release */,
			);
			defaultConfigurationIsVisible = 0;
			defaultConfigurationName = Release;
		};
		38D668E92D02072700DBF2B5 /* Build configuration list for PBXNativeTarget "MyHabits" */ = {
			isa = XCConfigurationList;
			buildConfigurations = (
				38D668EA2D02072700DBF2B5 /* Debug */,
				38D668EB2D02072700DBF2B5 /* Release */,
			);
			defaultConfigurationIsVisible = 0;
			defaultConfigurationName = Release;
		};
/* End XCConfigurationList section */
	};
	rootObject = 38D668CD2D02072100DBF2B5 /* Project object */;
}
